
Microsoft Visual Studio Solution File, Format Version 12.00
# Visual Studio Version 17
VisualStudioVersion = 17.1.32414.318
MinimumVisualStudioVersion = 10.0.40219.1
Project("{FAE04EC0-301F-11D3-BF4B-00C04F79EFBC}") = "Strong Fit", "Strong Fit\Strong Fit.csproj", "{C2AC25EB-391A-4251-A7EB-682D6349EFB3}"
EndProject
Global
	GlobalSection(SolutionConfigurationPlatforms) = preSolution
		Debug|Any CPU = Debug|Any CPU
		Release|Any CPU = Release|Any CPU
	EndGlobalSection
	GlobalSection(ProjectConfigurationPlatforms) = postSolution
		{C2AC25EB-391A-4251-A7EB-682D6349EFB3}.Debug|Any CPU.ActiveCfg = Debug|Any CPU
		{C2AC25EB-391A-4251-A7EB-682D6349EFB3}.Debug|Any CPU.Build.0 = Debug|Any CPU
		{C2AC25EB-391A-4251-A7EB-682D6349EFB3}.Release|Any CPU.ActiveCfg = Release|Any CPU
		{C2AC25EB-391A-4251-A7EB-682D6349EFB3}.Release|Any CPU.Build.0 = Release|Any CPU
	EndGlobalSection
	GlobalSection(SolutionProperties) = preSolution
		HideSolutionNode = FALSE
	EndGlobalSection
	GlobalSection(ExtensibilityGlobals) = postSolution
		SolutionGuid = {3CA76CDE-4945-453D-BE23-392996FE2ED4}
	EndGlobalSection
EndGlobal
